
Microsoft Visual Studio Solution File, Format Version 12.00
# Visual Studio Version 17
VisualStudioVersion = 17.11.35327.3
MinimumVisualStudioVersion = 10.0.40219.1
Project("{FAE04EC0-301F-11D3-BF4B-00C04F79EFBC}") = "BlueSkyClient.Core", "BlueSkyClient.Core\BlueSkyClient.Core.csproj", "{4C36A038-D908-4B46-972E-7FD253623415}"
EndProject
Project("{FAE04EC0-301F-11D3-BF4B-00C04F79EFBC}") = "BlueSkyClient.Console", "BlueSkyClient.Console\BlueSkyClient.Console.csproj", "{248527C2-CCF8-41BE-B4FE-75829DE5DCA3}"
EndProject
Global
	GlobalSection(SolutionConfigurationPlatforms) = preSolution
		Debug|Any CPU = Debug|Any CPU
		Release|Any CPU = Release|Any CPU
	EndGlobalSection
	GlobalSection(ProjectConfigurationPlatforms) = postSolution
		{4C36A038-D908-4B46-972E-7FD253623415}.Debug|Any CPU.ActiveCfg = Debug|Any CPU
		{4C36A038-D908-4B46-972E-7FD253623415}.Debug|Any CPU.Build.0 = Debug|Any CPU
		{4C36A038-D908-4B46-972E-7FD253623415}.Release|Any CPU.ActiveCfg = Release|Any CPU
		{4C36A038-D908-4B46-972E-7FD253623415}.Release|Any CPU.Build.0 = Release|Any CPU
		{248527C2-CCF8-41BE-B4FE-75829DE5DCA3}.Debug|Any CPU.ActiveCfg = Debug|Any CPU
		{248527C2-CCF8-41BE-B4FE-75829DE5DCA3}.Debug|Any CPU.Build.0 = Debug|Any CPU
		{248527C2-CCF8-41BE-B4FE-75829DE5DCA3}.Release|Any CPU.ActiveCfg = Release|Any CPU
		{248527C2-CCF8-41BE-B4FE-75829DE5DCA3}.Release|Any CPU.Build.0 = Release|Any CPU
	EndGlobalSection
	GlobalSection(SolutionProperties) = preSolution
		HideSolutionNode = FALSE
	EndGlobalSection
	GlobalSection(ExtensibilityGlobals) = postSolution
		SolutionGuid = {6A3D1220-84D5-4F5D-A4DA-92658A3C0EF7}
	EndGlobalSection
EndGlobal
